
Microsoft Visual Studio Solution File, Format Version 12.00
# Visual Studio Version 16
VisualStudioVersion = 16.0.29521.150
MinimumVisualStudioVersion = 10.0.40219.1
Project("{FAE04EC0-301F-11D3-BF4B-00C04F79EFBC}") = "foshan", "foshan\foshan.csproj", "{2B013325-FE52-45EE-919E-9E174D4C43B4}"
EndProject
Global
	GlobalSection(SolutionConfigurationPlatforms) = preSolution
		Debug|Any CPU = Debug|Any CPU
		Release|Any CPU = Release|Any CPU
	EndGlobalSection
	GlobalSection(ProjectConfigurationPlatforms) = postSolution
		{2B013325-FE52-45EE-919E-9E174D4C43B4}.Debug|Any CPU.ActiveCfg = Debug|Any CPU
		{2B013325-FE52-45EE-919E-9E174D4C43B4}.Debug|Any CPU.Build.0 = Debug|Any CPU
		{2B013325-FE52-45EE-919E-9E174D4C43B4}.Release|Any CPU.ActiveCfg = Release|Any CPU
		{2B013325-FE52-45EE-919E-9E174D4C43B4}.Release|Any CPU.Build.0 = Release|Any CPU
	EndGlobalSection
	GlobalSection(SolutionProperties) = preSolution
		HideSolutionNode = FALSE
	EndGlobalSection
	GlobalSection(ExtensibilityGlobals) = postSolution
		SolutionGuid = {FE33C2F9-49B3-4859-98E1-DD4C76216482}
	EndGlobalSection
EndGlobal
